
Microsoft Visual Studio Solution File, Format Version 12.00
# Visual Studio 14
VisualStudioVersion = 14.0.25123.0
MinimumVisualStudioVersion = 10.0.40219.1
Project("{FAE04EC0-301F-11D3-BF4B-00C04F79EFBC}") = "Glz.GreensJob.WebApi", "Glz.GreensJob.WebApi\Glz.GreensJob.WebApi.csproj", "{87F63AD0-D2E6-45C7-AAEF-595C902D257D}"
	ProjectSection(ProjectDependencies) = postProject
		{34F4F65C-CAF5-40C5-A512-1188213644B2} = {34F4F65C-CAF5-40C5-A512-1188213644B2}
	EndProjectSection
EndProject
Project("{FAE04EC0-301F-11D3-BF4B-00C04F79EFBC}") = "Glz.GreensJob.Web", "Glz.GreensJob.Web\Glz.GreensJob.Web.csproj", "{3F945D73-06F5-4DEB-95DD-ADF00CB2151D}"
EndProject
Project("{FAE04EC0-301F-11D3-BF4B-00C04F79EFBC}") = "Glz.GreensJob.Mobile", "Glz.GreensJob.Mobile\Glz.GreensJob.Mobile.csproj", "{AB63E39E-B088-4F26-97B6-208AE6FC33B8}"
EndProject
Project("{FAE04EC0-301F-11D3-BF4B-00C04F79EFBC}") = "Glz.GreensJob.Domain", "Glz.GreensJob.Domain\Glz.GreensJob.Domain.csproj", "{D3338754-5B91-4D0C-B91C-03FA2D16EE36}"
EndProject
Project("{FAE04EC0-301F-11D3-BF4B-00C04F79EFBC}") = "Glz.GreensJob.Domain.Repositories", "Glz.GreensJob.Domain.Repositories\Glz.GreensJob.Domain.Repositories.csproj", "{DA444DAC-D4D8-4BD9-9224-79D05B98741B}"
EndProject
Project("{FAE04EC0-301F-11D3-BF4B-00C04F79EFBC}") = "Glz.GreensJob.Dto", "Glz.GreensJob.Dto\Glz.GreensJob.Dto.csproj", "{D824C3AC-EBE4-4E6B-8FD6-1D77F36CC5B4}"
EndProject
Project("{FAE04EC0-301F-11D3-BF4B-00C04F79EFBC}") = "Apworks.ObjectContainers.Unity", "Apworks.ObjectContainers.Unity\Apworks.ObjectContainers.Unity.csproj", "{C65C063A-9B9D-47DB-8011-DF4BD75CDE8B}"
EndProject
Project("{FAE04EC0-301F-11D3-BF4B-00C04F79EFBC}") = "Apworks.Repositories.EntityFramework", "Apworks.Repositories.EntityFramework\Apworks.Repositories.EntityFramework.csproj", "{878621F3-C8F3-4374-AE6E-03831FBB9071}"
EndProject
Project("{FAE04EC0-301F-11D3-BF4B-00C04F79EFBC}") = "Apworks", "Apworks\Apworks.csproj", "{AABEA3F6-07BC-4EB8-9CBF-68BAAF381BAE}"
EndProject
Project("{FAE04EC0-301F-11D3-BF4B-00C04F79EFBC}") = "Glz.GreensJob.Domain.Application", "Glz.GreensJob.Domain.Application\Glz.GreensJob.Domain.Application.csproj", "{C1F90000-4614-4155-945A-4450D6F3FE78}"
EndProject
Project("{FAE04EC0-301F-11D3-BF4B-00C04F79EFBC}") = "Glz.GreensJob.Domain.IApplication", "Glz.GreensJob.Domain.IApplication\Glz.GreensJob.Domain.IApplication.csproj", "{F57D2792-B86B-46F7-B52A-B449F6710043}"
EndProject
Project("{FAE04EC0-301F-11D3-BF4B-00C04F79EFBC}") = "Glz.Infrastructure", "Glz.Infrastructure\Glz.Infrastructure.csproj", "{5AFA4569-2727-48B1-91D1-9D321B439966}"
EndProject
Project("{FAE04EC0-301F-11D3-BF4B-00C04F79EFBC}") = "Glz.Infrastructure.Tests", "Glz.Infrastructure.Tests\Glz.Infrastructure.Tests.csproj", "{1FF983D1-3627-41F1-B5D2-ABA409E8AC60}"
EndProject
Project("{2150E333-8FDC-42A3-9474-1A3956D46DE8}") = "Logs", "Logs", "{4CBB4F41-DEAD-40FD-A2A7-3EF2762E187D}"
EndProject
Project("{FAE04EC0-301F-11D3-BF4B-00C04F79EFBC}") = "Glz.GreensJob.Logs.Domain", "Glz.GreensJob.Logs.Domain\Glz.GreensJob.Logs.Domain.csproj", "{FE8E0BC3-5D58-4C05-AC1A-AA9C81F4E2DD}"
EndProject
Project("{FAE04EC0-301F-11D3-BF4B-00C04F79EFBC}") = "Glz.GreensJob.Logs.Domain.Repositories", "Glz.GreensJob.Logs.Domain.Repositories\Glz.GreensJob.Logs.Domain.Repositories.csproj", "{59246134-9B8C-4160-A1A9-2F39EC391625}"
EndProject
Project("{FAE04EC0-301F-11D3-BF4B-00C04F79EFBC}") = "Glz.GreensJob.Logs.IApplication", "Glz.GreensJob.Logs.IApplication\Glz.GreensJob.Logs.IApplication.csproj", "{198F2C44-5E4E-4C02-B56D-8081C0141859}"
EndProject
Project("{FAE04EC0-301F-11D3-BF4B-00C04F79EFBC}") = "Glz.GreensJob.Logs.Application", "Glz.GreensJob.Logs.Application\Glz.GreensJob.Logs.Application.csproj", "{27BFDABF-31DB-4147-B528-A73B0E9EAEE1}"
EndProject
Project("{FAE04EC0-301F-11D3-BF4B-00C04F79EFBC}") = "Glz.GreensJob.Logs.Dto", "Glz.GreensJob.Logs.Dto\Glz.GreensJob.Logs.Dto.csproj", "{6D71FDB5-D1C2-4B8C-B527-6335EBC66FCB}"
EndProject
Project("{FAE04EC0-301F-11D3-BF4B-00C04F79EFBC}") = "Glz.GreensJob.Logs.WebApi", "Glz.GreensJob.Logs.WebApi\Glz.GreensJob.Logs.WebApi.csproj", "{0C4B3377-082F-4223-9436-0F665D918837}"
EndProject
Project("{FAE04EC0-301F-11D3-BF4B-00C04F79EFBC}") = "Glz.Infrastructure.Caching", "Glz.Infrastructure.Caching\Glz.Infrastructure.Caching.csproj", "{34F4F65C-CAF5-40C5-A512-1188213644B2}"
EndProject
Project("{FAE04EC0-301F-11D3-BF4B-00C04F79EFBC}") = "Glz.GreensJob.Finance.Client", "Glz.GreensJob.Finance.Client\Glz.GreensJob.Finance.Client.csproj", "{0A0C8FCC-6B1C-4C1E-8335-6516F35EBA02}"
EndProject
Project("{2150E333-8FDC-42A3-9474-1A3956D46DE8}") = "Finances", "Finances", "{7E60AB71-0AC0-4E27-8227-199A8227F2EB}"
EndProject
Project("{FAE04EC0-301F-11D3-BF4B-00C04F79EFBC}") = "CommLib.BdPush", "CommLib.BdPush\CommLib.BdPush.csproj", "{87DE1AE0-8C11-4C4A-A1EB-48C0DE18EDC2}"
EndProject
Global
	GlobalSection(SolutionConfigurationPlatforms) = preSolution
		CoreDebug|Any CPU = CoreDebug|Any CPU
		CoreRelease|Any CPU = CoreRelease|Any CPU
		Debug|Any CPU = Debug|Any CPU
		MonoDebug|Any CPU = MonoDebug|Any CPU
		MonoRelease|Any CPU = MonoRelease|Any CPU
		Release|Any CPU = Release|Any CPU
	EndGlobalSection
	GlobalSection(ProjectConfigurationPlatforms) = postSolution
		{87F63AD0-D2E6-45C7-AAEF-595C902D257D}.CoreDebug|Any CPU.ActiveCfg = Debug|Any CPU
		{87F63AD0-D2E6-45C7-AAEF-595C902D257D}.CoreDebug|Any CPU.Build.0 = Debug|Any CPU
		{87F63AD0-D2E6-45C7-AAEF-595C902D257D}.CoreRelease|Any CPU.ActiveCfg = Release|Any CPU
		{87F63AD0-D2E6-45C7-AAEF-595C902D257D}.CoreRelease|Any CPU.Build.0 = Release|Any CPU
		{87F63AD0-D2E6-45C7-AAEF-595C902D257D}.Debug|Any CPU.ActiveCfg = Debug|Any CPU
		{87F63AD0-D2E6-45C7-AAEF-595C902D257D}.Debug|Any CPU.Build.0 = Debug|Any CPU
		{87F63AD0-D2E6-45C7-AAEF-595C902D257D}.MonoDebug|Any CPU.ActiveCfg = Debug|Any CPU
		{87F63AD0-D2E6-45C7-AAEF-595C902D257D}.MonoDebug|Any CPU.Build.0 = Debug|Any CPU
		{87F63AD0-D2E6-45C7-AAEF-595C902D257D}.MonoRelease|Any CPU.ActiveCfg = Release|Any CPU
		{87F63AD0-D2E6-45C7-AAEF-595C902D257D}.MonoRelease|Any CPU.Build.0 = Release|Any CPU
		{87F63AD0-D2E6-45C7-AAEF-595C902D257D}.Release|Any CPU.ActiveCfg = Release|Any CPU
		{87F63AD0-D2E6-45C7-AAEF-595C902D257D}.Release|Any CPU.Build.0 = Release|Any CPU
		{3F945D73-06F5-4DEB-95DD-ADF00CB2151D}.CoreDebug|Any CPU.ActiveCfg = Debug|Any CPU
		{3F945D73-06F5-4DEB-95DD-ADF00CB2151D}.CoreDebug|Any CPU.Build.0 = Debug|Any CPU
		{3F945D73-06F5-4DEB-95DD-ADF00CB2151D}.CoreRelease|Any CPU.ActiveCfg = Release|Any CPU
		{3F945D73-06F5-4DEB-95DD-ADF00CB2151D}.CoreRelease|Any CPU.Build.0 = Release|Any CPU
		{3F945D73-06F5-4DEB-95DD-ADF00CB2151D}.Debug|Any CPU.ActiveCfg = Debug|Any CPU
		{3F945D73-06F5-4DEB-95DD-ADF00CB2151D}.Debug|Any CPU.Build.0 = Debug|Any CPU
		{3F945D73-06F5-4DEB-95DD-ADF00CB2151D}.MonoDebug|Any CPU.ActiveCfg = Debug|Any CPU
		{3F945D73-06F5-4DEB-95DD-ADF00CB2151D}.MonoDebug|Any CPU.Build.0 = Debug|Any CPU
		{3F945D73-06F5-4DEB-95DD-ADF00CB2151D}.MonoRelease|Any CPU.ActiveCfg = Release|Any CPU
		{3F945D73-06F5-4DEB-95DD-ADF00CB2151D}.MonoRelease|Any CPU.Build.0 = Release|Any CPU
		{3F945D73-06F5-4DEB-95DD-ADF00CB2151D}.Release|Any CPU.ActiveCfg = Release|Any CPU
		{3F945D73-06F5-4DEB-95DD-ADF00CB2151D}.Release|Any CPU.Build.0 = Release|Any CPU
		{AB63E39E-B088-4F26-97B6-208AE6FC33B8}.CoreDebug|Any CPU.ActiveCfg = Debug|Any CPU
		{AB63E39E-B088-4F26-97B6-208AE6FC33B8}.CoreDebug|Any CPU.Build.0 = Debug|Any CPU
		{AB63E39E-B088-4F26-97B6-208AE6FC33B8}.CoreRelease|Any CPU.ActiveCfg = Release|Any CPU
		{AB63E39E-B088-4F26-97B6-208AE6FC33B8}.CoreRelease|Any CPU.Build.0 = Release|Any CPU
		{AB63E39E-B088-4F26-97B6-208AE6FC33B8}.Debug|Any CPU.ActiveCfg = Debug|Any CPU
		{AB63E39E-B088-4F26-97B6-208AE6FC33B8}.Debug|Any CPU.Build.0 = Debug|Any CPU
		{AB63E39E-B088-4F26-97B6-208AE6FC33B8}.MonoDebug|Any CPU.ActiveCfg = Debug|Any CPU
		{AB63E39E-B088-4F26-97B6-208AE6FC33B8}.MonoDebug|Any CPU.Build.0 = Debug|Any CPU
		{AB63E39E-B088-4F26-97B6-208AE6FC33B8}.MonoRelease|Any CPU.ActiveCfg = Release|Any CPU
		{AB63E39E-B088-4F26-97B6-208AE6FC33B8}.MonoRelease|Any CPU.Build.0 = Release|Any CPU
		{AB63E39E-B088-4F26-97B6-208AE6FC33B8}.Release|Any CPU.ActiveCfg = Release|Any CPU
		{AB63E39E-B088-4F26-97B6-208AE6FC33B8}.Release|Any CPU.Build.0 = Release|Any CPU
		{D3338754-5B91-4D0C-B91C-03FA2D16EE36}.CoreDebug|Any CPU.ActiveCfg = Debug|Any CPU
		{D3338754-5B91-4D0C-B91C-03FA2D16EE36}.CoreDebug|Any CPU.Build.0 = Debug|Any CPU
		{D3338754-5B91-4D0C-B91C-03FA2D16EE36}.CoreRelease|Any CPU.ActiveCfg = Release|Any CPU
		{D3338754-5B91-4D0C-B91C-03FA2D16EE36}.CoreRelease|Any CPU.Build.0 = Release|Any CPU
		{D3338754-5B91-4D0C-B91C-03FA2D16EE36}.Debug|Any CPU.ActiveCfg = Debug|Any CPU
		{D3338754-5B91-4D0C-B91C-03FA2D16EE36}.Debug|Any CPU.Build.0 = Debug|Any CPU
		{D3338754-5B91-4D0C-B91C-03FA2D16EE36}.MonoDebug|Any CPU.ActiveCfg = Debug|Any CPU
		{D3338754-5B91-4D0C-B91C-03FA2D16EE36}.MonoDebug|Any CPU.Build.0 = Debug|Any CPU
		{D3338754-5B91-4D0C-B91C-03FA2D16EE36}.MonoRelease|Any CPU.ActiveCfg = Release|Any CPU
		{D3338754-5B91-4D0C-B91C-03FA2D16EE36}.MonoRelease|Any CPU.Build.0 = Release|Any CPU
		{D3338754-5B91-4D0C-B91C-03FA2D16EE36}.Release|Any CPU.ActiveCfg = Release|Any CPU
		{D3338754-5B91-4D0C-B91C-03FA2D16EE36}.Release|Any CPU.Build.0 = Release|Any CPU
		{DA444DAC-D4D8-4BD9-9224-79D05B98741B}.CoreDebug|Any CPU.ActiveCfg = Debug|Any CPU
		{DA444DAC-D4D8-4BD9-9224-79D05B98741B}.CoreDebug|Any CPU.Build.0 = Debug|Any CPU
		{DA444DAC-D4D8-4BD9-9224-79D05B98741B}.CoreRelease|Any CPU.ActiveCfg = Release|Any CPU
		{DA444DAC-D4D8-4BD9-9224-79D05B98741B}.CoreRelease|Any CPU.Build.0 = Release|Any CPU
		{DA444DAC-D4D8-4BD9-9224-79D05B98741B}.Debug|Any CPU.ActiveCfg = Debug|Any CPU
		{DA444DAC-D4D8-4BD9-9224-79D05B98741B}.Debug|Any CPU.Build.0 = Debug|Any CPU
		{DA444DAC-D4D8-4BD9-9224-79D05B98741B}.MonoDebug|Any CPU.ActiveCfg = Debug|Any CPU
		{DA444DAC-D4D8-4BD9-9224-79D05B98741B}.MonoDebug|Any CPU.Build.0 = Debug|Any CPU
		{DA444DAC-D4D8-4BD9-9224-79D05B98741B}.MonoRelease|Any CPU.ActiveCfg = Release|Any CPU
		{DA444DAC-D4D8-4BD9-9224-79D05B98741B}.MonoRelease|Any CPU.Build.0 = Release|Any CPU
		{DA444DAC-D4D8-4BD9-9224-79D05B98741B}.Release|Any CPU.ActiveCfg = Release|Any CPU
		{DA444DAC-D4D8-4BD9-9224-79D05B98741B}.Release|Any CPU.Build.0 = Release|Any CPU
		{D824C3AC-EBE4-4E6B-8FD6-1D77F36CC5B4}.CoreDebug|Any CPU.ActiveCfg = Debug|Any CPU
		{D824C3AC-EBE4-4E6B-8FD6-1D77F36CC5B4}.CoreDebug|Any CPU.Build.0 = Debug|Any CPU
		{D824C3AC-EBE4-4E6B-8FD6-1D77F36CC5B4}.CoreRelease|Any CPU.ActiveCfg = Release|Any CPU
		{D824C3AC-EBE4-4E6B-8FD6-1D77F36CC5B4}.CoreRelease|Any CPU.Build.0 = Release|Any CPU
		{D824C3AC-EBE4-4E6B-8FD6-1D77F36CC5B4}.Debug|Any CPU.ActiveCfg = Debug|Any CPU
		{D824C3AC-EBE4-4E6B-8FD6-1D77F36CC5B4}.Debug|Any CPU.Build.0 = Debug|Any CPU
		{D824C3AC-EBE4-4E6B-8FD6-1D77F36CC5B4}.MonoDebug|Any CPU.ActiveCfg = Debug|Any CPU
		{D824C3AC-EBE4-4E6B-8FD6-1D77F36CC5B4}.MonoDebug|Any CPU.Build.0 = Debug|Any CPU
		{D824C3AC-EBE4-4E6B-8FD6-1D77F36CC5B4}.MonoRelease|Any CPU.ActiveCfg = Release|Any CPU
		{D824C3AC-EBE4-4E6B-8FD6-1D77F36CC5B4}.MonoRelease|Any CPU.Build.0 = Release|Any CPU
		{D824C3AC-EBE4-4E6B-8FD6-1D77F36CC5B4}.Release|Any CPU.ActiveCfg = Release|Any CPU
		{D824C3AC-EBE4-4E6B-8FD6-1D77F36CC5B4}.Release|Any CPU.Build.0 = Release|Any CPU
		{C65C063A-9B9D-47DB-8011-DF4BD75CDE8B}.CoreDebug|Any CPU.ActiveCfg = CoreDebug|Any CPU
		{C65C063A-9B9D-47DB-8011-DF4BD75CDE8B}.CoreDebug|Any CPU.Build.0 = CoreDebug|Any CPU
		{C65C063A-9B9D-47DB-8011-DF4BD75CDE8B}.CoreRelease|Any CPU.ActiveCfg = CoreRelease|Any CPU
		{C65C063A-9B9D-47DB-8011-DF4BD75CDE8B}.CoreRelease|Any CPU.Build.0 = CoreRelease|Any CPU
		{C65C063A-9B9D-47DB-8011-DF4BD75CDE8B}.Debug|Any CPU.ActiveCfg = Debug|Any CPU
		{C65C063A-9B9D-47DB-8011-DF4BD75CDE8B}.Debug|Any CPU.Build.0 = Debug|Any CPU
		{C65C063A-9B9D-47DB-8011-DF4BD75CDE8B}.MonoDebug|Any CPU.ActiveCfg = MonoDebug|Any CPU
		{C65C063A-9B9D-47DB-8011-DF4BD75CDE8B}.MonoDebug|Any CPU.Build.0 = MonoDebug|Any CPU
		{C65C063A-9B9D-47DB-8011-DF4BD75CDE8B}.MonoRelease|Any CPU.ActiveCfg = MonoRelease|Any CPU
		{C65C063A-9B9D-47DB-8011-DF4BD75CDE8B}.MonoRelease|Any CPU.Build.0 = MonoRelease|Any CPU
		{C65C063A-9B9D-47DB-8011-DF4BD75CDE8B}.Release|Any CPU.ActiveCfg = Release|Any CPU
		{C65C063A-9B9D-47DB-8011-DF4BD75CDE8B}.Release|Any CPU.Build.0 = Release|Any CPU
		{878621F3-C8F3-4374-AE6E-03831FBB9071}.CoreDebug|Any CPU.ActiveCfg = CoreDebug|Any CPU
		{878621F3-C8F3-4374-AE6E-03831FBB9071}.CoreDebug|Any CPU.Build.0 = CoreDebug|Any CPU
		{878621F3-C8F3-4374-AE6E-03831FBB9071}.CoreRelease|Any CPU.ActiveCfg = CoreRelease|Any CPU
		{878621F3-C8F3-4374-AE6E-03831FBB9071}.CoreRelease|Any CPU.Build.0 = CoreRelease|Any CPU
		{878621F3-C8F3-4374-AE6E-03831FBB9071}.Debug|Any CPU.ActiveCfg = Debug|Any CPU
		{878621F3-C8F3-4374-AE6E-03831FBB9071}.Debug|Any CPU.Build.0 = Debug|Any CPU
		{878621F3-C8F3-4374-AE6E-03831FBB9071}.MonoDebug|Any CPU.ActiveCfg = MonoDebug|Any CPU
		{878621F3-C8F3-4374-AE6E-03831FBB9071}.MonoDebug|Any CPU.Build.0 = MonoDebug|Any CPU
		{878621F3-C8F3-4374-AE6E-03831FBB9071}.MonoRelease|Any CPU.ActiveCfg = MonoRelease|Any CPU
		{878621F3-C8F3-4374-AE6E-03831FBB9071}.MonoRelease|Any CPU.Build.0 = MonoRelease|Any CPU
		{878621F3-C8F3-4374-AE6E-03831FBB9071}.Release|Any CPU.ActiveCfg = Release|Any CPU
		{878621F3-C8F3-4374-AE6E-03831FBB9071}.Release|Any CPU.Build.0 = Release|Any CPU
		{AABEA3F6-07BC-4EB8-9CBF-68BAAF381BAE}.CoreDebug|Any CPU.ActiveCfg = CoreDebug|Any CPU
		{AABEA3F6-07BC-4EB8-9CBF-68BAAF381BAE}.CoreDebug|Any CPU.Build.0 = CoreDebug|Any CPU
		{AABEA3F6-07BC-4EB8-9CBF-68BAAF381BAE}.CoreRelease|Any CPU.ActiveCfg = CoreRelease|Any CPU
		{AABEA3F6-07BC-4EB8-9CBF-68BAAF381BAE}.CoreRelease|Any CPU.Build.0 = CoreRelease|Any CPU
		{AABEA3F6-07BC-4EB8-9CBF-68BAAF381BAE}.Debug|Any CPU.ActiveCfg = Debug|Any CPU
		{AABEA3F6-07BC-4EB8-9CBF-68BAAF381BAE}.Debug|Any CPU.Build.0 = Debug|Any CPU
		{AABEA3F6-07BC-4EB8-9CBF-68BAAF381BAE}.MonoDebug|Any CPU.ActiveCfg = MonoDebug|Any CPU
		{AABEA3F6-07BC-4EB8-9CBF-68BAAF381BAE}.MonoDebug|Any CPU.Build.0 = MonoDebug|Any CPU
		{AABEA3F6-07BC-4EB8-9CBF-68BAAF381BAE}.MonoRelease|Any CPU.ActiveCfg = MonoRelease|Any CPU
		{AABEA3F6-07BC-4EB8-9CBF-68BAAF381BAE}.MonoRelease|Any CPU.Build.0 = MonoRelease|Any CPU
		{AABEA3F6-07BC-4EB8-9CBF-68BAAF381BAE}.Release|Any CPU.ActiveCfg = Release|Any CPU
		{AABEA3F6-07BC-4EB8-9CBF-68BAAF381BAE}.Release|Any CPU.Build.0 = Release|Any CPU
		{C1F90000-4614-4155-945A-4450D6F3FE78}.CoreDebug|Any CPU.ActiveCfg = Debug|Any CPU
		{C1F90000-4614-4155-945A-4450D6F3FE78}.CoreDebug|Any CPU.Build.0 = Debug|Any CPU
		{C1F90000-4614-4155-945A-4450D6F3FE78}.CoreRelease|Any CPU.ActiveCfg = Release|Any CPU
		{C1F90000-4614-4155-945A-4450D6F3FE78}.CoreRelease|Any CPU.Build.0 = Release|Any CPU
		{C1F90000-4614-4155-945A-4450D6F3FE78}.Debug|Any CPU.ActiveCfg = Debug|Any CPU
		{C1F90000-4614-4155-945A-4450D6F3FE78}.Debug|Any CPU.Build.0 = Debug|Any CPU
		{C1F90000-4614-4155-945A-4450D6F3FE78}.MonoDebug|Any CPU.ActiveCfg = Debug|Any CPU
		{C1F90000-4614-4155-945A-4450D6F3FE78}.MonoDebug|Any CPU.Build.0 = Debug|Any CPU
		{C1F90000-4614-4155-945A-4450D6F3FE78}.MonoRelease|Any CPU.ActiveCfg = Release|Any CPU
		{C1F90000-4614-4155-945A-4450D6F3FE78}.MonoRelease|Any CPU.Build.0 = Release|Any CPU
		{C1F90000-4614-4155-945A-4450D6F3FE78}.Release|Any CPU.ActiveCfg = Release|Any CPU
		{C1F90000-4614-4155-945A-4450D6F3FE78}.Release|Any CPU.Build.0 = Release|Any CPU
		{F57D2792-B86B-46F7-B52A-B449F6710043}.CoreDebug|Any CPU.ActiveCfg = Debug|Any CPU
		{F57D2792-B86B-46F7-B52A-B449F6710043}.CoreDebug|Any CPU.Build.0 = Debug|Any CPU
		{F57D2792-B86B-46F7-B52A-B449F6710043}.CoreRelease|Any CPU.ActiveCfg = Release|Any CPU
		{F57D2792-B86B-46F7-B52A-B449F6710043}.CoreRelease|Any CPU.Build.0 = Release|Any CPU
		{F57D2792-B86B-46F7-B52A-B449F6710043}.Debug|Any CPU.ActiveCfg = Debug|Any CPU
		{F57D2792-B86B-46F7-B52A-B449F6710043}.Debug|Any CPU.Build.0 = Debug|Any CPU
		{F57D2792-B86B-46F7-B52A-B449F6710043}.MonoDebug|Any CPU.ActiveCfg = Debug|Any CPU
		{F57D2792-B86B-46F7-B52A-B449F6710043}.MonoDebug|Any CPU.Build.0 = Debug|Any CPU
		{F57D2792-B86B-46F7-B52A-B449F6710043}.MonoRelease|Any CPU.ActiveCfg = Release|Any CPU
		{F57D2792-B86B-46F7-B52A-B449F6710043}.MonoRelease|Any CPU.Build.0 = Release|Any CPU
		{F57D2792-B86B-46F7-B52A-B449F6710043}.Release|Any CPU.ActiveCfg = Release|Any CPU
		{F57D2792-B86B-46F7-B52A-B449F6710043}.Release|Any CPU.Build.0 = Release|Any CPU
		{5AFA4569-2727-48B1-91D1-9D321B439966}.CoreDebug|Any CPU.ActiveCfg = Debug|Any CPU
		{5AFA4569-2727-48B1-91D1-9D321B439966}.CoreDebug|Any CPU.Build.0 = Debug|Any CPU
		{5AFA4569-2727-48B1-91D1-9D321B439966}.CoreRelease|Any CPU.ActiveCfg = Release|Any CPU
		{5AFA4569-2727-48B1-91D1-9D321B439966}.CoreRelease|Any CPU.Build.0 = Release|Any CPU
		{5AFA4569-2727-48B1-91D1-9D321B439966}.Debug|Any CPU.ActiveCfg = Debug|Any CPU
		{5AFA4569-2727-48B1-91D1-9D321B439966}.Debug|Any CPU.Build.0 = Debug|Any CPU
		{5AFA4569-2727-48B1-91D1-9D321B439966}.MonoDebug|Any CPU.ActiveCfg = Debug|Any CPU
		{5AFA4569-2727-48B1-91D1-9D321B439966}.MonoDebug|Any CPU.Build.0 = Debug|Any CPU
		{5AFA4569-2727-48B1-91D1-9D321B439966}.MonoRelease|Any CPU.ActiveCfg = Release|Any CPU
		{5AFA4569-2727-48B1-91D1-9D321B439966}.MonoRelease|Any CPU.Build.0 = Release|Any CPU
		{5AFA4569-2727-48B1-91D1-9D321B439966}.Release|Any CPU.ActiveCfg = Release|Any CPU
		{5AFA4569-2727-48B1-91D1-9D321B439966}.Release|Any CPU.Build.0 = Release|Any CPU
		{1FF983D1-3627-41F1-B5D2-ABA409E8AC60}.CoreDebug|Any CPU.ActiveCfg = Debug|Any CPU
		{1FF983D1-3627-41F1-B5D2-ABA409E8AC60}.CoreDebug|Any CPU.Build.0 = Debug|Any CPU
		{1FF983D1-3627-41F1-B5D2-ABA409E8AC60}.CoreRelease|Any CPU.ActiveCfg = Release|Any CPU
		{1FF983D1-3627-41F1-B5D2-ABA409E8AC60}.CoreRelease|Any CPU.Build.0 = Release|Any CPU
		{1FF983D1-3627-41F1-B5D2-ABA409E8AC60}.Debug|Any CPU.ActiveCfg = Debug|Any CPU
		{1FF983D1-3627-41F1-B5D2-ABA409E8AC60}.Debug|Any CPU.Build.0 = Debug|Any CPU
		{1FF983D1-3627-41F1-B5D2-ABA409E8AC60}.MonoDebug|Any CPU.ActiveCfg = Debug|Any CPU
		{1FF983D1-3627-41F1-B5D2-ABA409E8AC60}.MonoDebug|Any CPU.Build.0 = Debug|Any CPU
		{1FF983D1-3627-41F1-B5D2-ABA409E8AC60}.MonoRelease|Any CPU.ActiveCfg = Release|Any CPU
		{1FF983D1-3627-41F1-B5D2-ABA409E8AC60}.MonoRelease|Any CPU.Build.0 = Release|Any CPU
		{1FF983D1-3627-41F1-B5D2-ABA409E8AC60}.Release|Any CPU.ActiveCfg = Release|Any CPU
		{1FF983D1-3627-41F1-B5D2-ABA409E8AC60}.Release|Any CPU.Build.0 = Release|Any CPU
		{FE8E0BC3-5D58-4C05-AC1A-AA9C81F4E2DD}.CoreDebug|Any CPU.ActiveCfg = Debug|Any CPU
		{FE8E0BC3-5D58-4C05-AC1A-AA9C81F4E2DD}.CoreDebug|Any CPU.Build.0 = Debug|Any CPU
		{FE8E0BC3-5D58-4C05-AC1A-AA9C81F4E2DD}.CoreRelease|Any CPU.ActiveCfg = Release|Any CPU
		{FE8E0BC3-5D58-4C05-AC1A-AA9C81F4E2DD}.CoreRelease|Any CPU.Build.0 = Release|Any CPU
		{FE8E0BC3-5D58-4C05-AC1A-AA9C81F4E2DD}.Debug|Any CPU.ActiveCfg = Debug|Any CPU
		{FE8E0BC3-5D58-4C05-AC1A-AA9C81F4E2DD}.Debug|Any CPU.Build.0 = Debug|Any CPU
		{FE8E0BC3-5D58-4C05-AC1A-AA9C81F4E2DD}.MonoDebug|Any CPU.ActiveCfg = Debug|Any CPU
		{FE8E0BC3-5D58-4C05-AC1A-AA9C81F4E2DD}.MonoDebug|Any CPU.Build.0 = Debug|Any CPU
		{FE8E0BC3-5D58-4C05-AC1A-AA9C81F4E2DD}.MonoRelease|Any CPU.ActiveCfg = Release|Any CPU
		{FE8E0BC3-5D58-4C05-AC1A-AA9C81F4E2DD}.MonoRelease|Any CPU.Build.0 = Release|Any CPU
		{FE8E0BC3-5D58-4C05-AC1A-AA9C81F4E2DD}.Release|Any CPU.ActiveCfg = Release|Any CPU
		{FE8E0BC3-5D58-4C05-AC1A-AA9C81F4E2DD}.Release|Any CPU.Build.0 = Release|Any CPU
		{59246134-9B8C-4160-A1A9-2F39EC391625}.CoreDebug|Any CPU.ActiveCfg = Debug|Any CPU
		{59246134-9B8C-4160-A1A9-2F39EC391625}.CoreDebug|Any CPU.Build.0 = Debug|Any CPU
		{59246134-9B8C-4160-A1A9-2F39EC391625}.CoreRelease|Any CPU.ActiveCfg = Release|Any CPU
		{59246134-9B8C-4160-A1A9-2F39EC391625}.CoreRelease|Any CPU.Build.0 = Release|Any CPU
		{59246134-9B8C-4160-A1A9-2F39EC391625}.Debug|Any CPU.ActiveCfg = Debug|Any CPU
		{59246134-9B8C-4160-A1A9-2F39EC391625}.Debug|Any CPU.Build.0 = Debug|Any CPU
		{59246134-9B8C-4160-A1A9-2F39EC391625}.MonoDebug|Any CPU.ActiveCfg = Debug|Any CPU
		{59246134-9B8C-4160-A1A9-2F39EC391625}.MonoDebug|Any CPU.Build.0 = Debug|Any CPU
		{59246134-9B8C-4160-A1A9-2F39EC391625}.MonoRelease|Any CPU.ActiveCfg = Release|Any CPU
		{59246134-9B8C-4160-A1A9-2F39EC391625}.MonoRelease|Any CPU.Build.0 = Release|Any CPU
		{59246134-9B8C-4160-A1A9-2F39EC391625}.Release|Any CPU.ActiveCfg = Release|Any CPU
		{59246134-9B8C-4160-A1A9-2F39EC391625}.Release|Any CPU.Build.0 = Release|Any CPU
		{198F2C44-5E4E-4C02-B56D-8081C0141859}.CoreDebug|Any CPU.ActiveCfg = Debug|Any CPU
		{198F2C44-5E4E-4C02-B56D-8081C0141859}.CoreDebug|Any CPU.Build.0 = Debug|Any CPU
		{198F2C44-5E4E-4C02-B56D-8081C0141859}.CoreRelease|Any CPU.ActiveCfg = Release|Any CPU
		{198F2C44-5E4E-4C02-B56D-8081C0141859}.CoreRelease|Any CPU.Build.0 = Release|Any CPU
		{198F2C44-5E4E-4C02-B56D-8081C0141859}.Debug|Any CPU.ActiveCfg = Debug|Any CPU
		{198F2C44-5E4E-4C02-B56D-8081C0141859}.Debug|Any CPU.Build.0 = Debug|Any CPU
		{198F2C44-5E4E-4C02-B56D-8081C0141859}.MonoDebug|Any CPU.ActiveCfg = Debug|Any CPU
		{198F2C44-5E4E-4C02-B56D-8081C0141859}.MonoDebug|Any CPU.Build.0 = Debug|Any CPU
		{198F2C44-5E4E-4C02-B56D-8081C0141859}.MonoRelease|Any CPU.ActiveCfg = Release|Any CPU
		{198F2C44-5E4E-4C02-B56D-8081C0141859}.MonoRelease|Any CPU.Build.0 = Release|Any CPU
		{198F2C44-5E4E-4C02-B56D-8081C0141859}.Release|Any CPU.ActiveCfg = Release|Any CPU
		{198F2C44-5E4E-4C02-B56D-8081C0141859}.Release|Any CPU.Build.0 = Release|Any CPU
		{27BFDABF-31DB-4147-B528-A73B0E9EAEE1}.CoreDebug|Any CPU.ActiveCfg = Debug|Any CPU
		{27BFDABF-31DB-4147-B528-A73B0E9EAEE1}.CoreDebug|Any CPU.Build.0 = Debug|Any CPU
		{27BFDABF-31DB-4147-B528-A73B0E9EAEE1}.CoreRelease|Any CPU.ActiveCfg = Release|Any CPU
		{27BFDABF-31DB-4147-B528-A73B0E9EAEE1}.CoreRelease|Any CPU.Build.0 = Release|Any CPU
		{27BFDABF-31DB-4147-B528-A73B0E9EAEE1}.Debug|Any CPU.ActiveCfg = Debug|Any CPU
		{27BFDABF-31DB-4147-B528-A73B0E9EAEE1}.Debug|Any CPU.Build.0 = Debug|Any CPU
		{27BFDABF-31DB-4147-B528-A73B0E9EAEE1}.MonoDebug|Any CPU.ActiveCfg = Debug|Any CPU
		{27BFDABF-31DB-4147-B528-A73B0E9EAEE1}.MonoDebug|Any CPU.Build.0 = Debug|Any CPU
		{27BFDABF-31DB-4147-B528-A73B0E9EAEE1}.MonoRelease|Any CPU.ActiveCfg = Release|Any CPU
		{27BFDABF-31DB-4147-B528-A73B0E9EAEE1}.MonoRelease|Any CPU.Build.0 = Release|Any CPU
		{27BFDABF-31DB-4147-B528-A73B0E9EAEE1}.Release|Any CPU.ActiveCfg = Release|Any CPU
		{27BFDABF-31DB-4147-B528-A73B0E9EAEE1}.Release|Any CPU.Build.0 = Release|Any CPU
		{6D71FDB5-D1C2-4B8C-B527-6335EBC66FCB}.CoreDebug|Any CPU.ActiveCfg = Debug|Any CPU
		{6D71FDB5-D1C2-4B8C-B527-6335EBC66FCB}.CoreDebug|Any CPU.Build.0 = Debug|Any CPU
		{6D71FDB5-D1C2-4B8C-B527-6335EBC66FCB}.CoreRelease|Any CPU.ActiveCfg = Release|Any CPU
		{6D71FDB5-D1C2-4B8C-B527-6335EBC66FCB}.CoreRelease|Any CPU.Build.0 = Release|Any CPU
		{6D71FDB5-D1C2-4B8C-B527-6335EBC66FCB}.Debug|Any CPU.ActiveCfg = Debug|Any CPU
		{6D71FDB5-D1C2-4B8C-B527-6335EBC66FCB}.Debug|Any CPU.Build.0 = Debug|Any CPU
		{6D71FDB5-D1C2-4B8C-B527-6335EBC66FCB}.MonoDebug|Any CPU.ActiveCfg = Debug|Any CPU
		{6D71FDB5-D1C2-4B8C-B527-6335EBC66FCB}.MonoDebug|Any CPU.Build.0 = Debug|Any CPU
		{6D71FDB5-D1C2-4B8C-B527-6335EBC66FCB}.MonoRelease|Any CPU.ActiveCfg = Release|Any CPU
		{6D71FDB5-D1C2-4B8C-B527-6335EBC66FCB}.MonoRelease|Any CPU.Build.0 = Release|Any CPU
		{6D71FDB5-D1C2-4B8C-B527-6335EBC66FCB}.Release|Any CPU.ActiveCfg = Release|Any CPU
		{6D71FDB5-D1C2-4B8C-B527-6335EBC66FCB}.Release|Any CPU.Build.0 = Release|Any CPU
		{0C4B3377-082F-4223-9436-0F665D918837}.CoreDebug|Any CPU.ActiveCfg = Debug|Any CPU
		{0C4B3377-082F-4223-9436-0F665D918837}.CoreDebug|Any CPU.Build.0 = Debug|Any CPU
		{0C4B3377-082F-4223-9436-0F665D918837}.CoreRelease|Any CPU.ActiveCfg = Release|Any CPU
		{0C4B3377-082F-4223-9436-0F665D918837}.CoreRelease|Any CPU.Build.0 = Release|Any CPU
		{0C4B3377-082F-4223-9436-0F665D918837}.Debug|Any CPU.ActiveCfg = Debug|Any CPU
		{0C4B3377-082F-4223-9436-0F665D918837}.Debug|Any CPU.Build.0 = Debug|Any CPU
		{0C4B3377-082F-4223-9436-0F665D918837}.MonoDebug|Any CPU.ActiveCfg = Debug|Any CPU
		{0C4B3377-082F-4223-9436-0F665D918837}.MonoDebug|Any CPU.Build.0 = Debug|Any CPU
		{0C4B3377-082F-4223-9436-0F665D918837}.MonoRelease|Any CPU.ActiveCfg = Release|Any CPU
		{0C4B3377-082F-4223-9436-0F665D918837}.MonoRelease|Any CPU.Build.0 = Release|Any CPU
		{0C4B3377-082F-4223-9436-0F665D918837}.Release|Any CPU.ActiveCfg = Release|Any CPU
		{0C4B3377-082F-4223-9436-0F665D918837}.Release|Any CPU.Build.0 = Release|Any CPU
		{34F4F65C-CAF5-40C5-A512-1188213644B2}.CoreDebug|Any CPU.ActiveCfg = Debug|Any CPU
		{34F4F65C-CAF5-40C5-A512-1188213644B2}.CoreDebug|Any CPU.Build.0 = Debug|Any CPU
		{34F4F65C-CAF5-40C5-A512-1188213644B2}.CoreRelease|Any CPU.ActiveCfg = Release|Any CPU
		{34F4F65C-CAF5-40C5-A512-1188213644B2}.CoreRelease|Any CPU.Build.0 = Release|Any CPU
		{34F4F65C-CAF5-40C5-A512-1188213644B2}.Debug|Any CPU.ActiveCfg = Debug|Any CPU
		{34F4F65C-CAF5-40C5-A512-1188213644B2}.Debug|Any CPU.Build.0 = Debug|Any CPU
		{34F4F65C-CAF5-40C5-A512-1188213644B2}.MonoDebug|Any CPU.ActiveCfg = Debug|Any CPU
		{34F4F65C-CAF5-40C5-A512-1188213644B2}.MonoDebug|Any CPU.Build.0 = Debug|Any CPU
		{34F4F65C-CAF5-40C5-A512-1188213644B2}.MonoRelease|Any CPU.ActiveCfg = Release|Any CPU
		{34F4F65C-CAF5-40C5-A512-1188213644B2}.MonoRelease|Any CPU.Build.0 = Release|Any CPU
		{34F4F65C-CAF5-40C5-A512-1188213644B2}.Release|Any CPU.ActiveCfg = Release|Any CPU
		{34F4F65C-CAF5-40C5-A512-1188213644B2}.Release|Any CPU.Build.0 = Release|Any CPU
		{0A0C8FCC-6B1C-4C1E-8335-6516F35EBA02}.CoreDebug|Any CPU.ActiveCfg = Debug|Any CPU
		{0A0C8FCC-6B1C-4C1E-8335-6516F35EBA02}.CoreDebug|Any CPU.Build.0 = Debug|Any CPU
		{0A0C8FCC-6B1C-4C1E-8335-6516F35EBA02}.CoreRelease|Any CPU.ActiveCfg = Release|Any CPU
		{0A0C8FCC-6B1C-4C1E-8335-6516F35EBA02}.CoreRelease|Any CPU.Build.0 = Release|Any CPU
		{0A0C8FCC-6B1C-4C1E-8335-6516F35EBA02}.Debug|Any CPU.ActiveCfg = Debug|Any CPU
		{0A0C8FCC-6B1C-4C1E-8335-6516F35EBA02}.Debug|Any CPU.Build.0 = Debug|Any CPU
		{0A0C8FCC-6B1C-4C1E-8335-6516F35EBA02}.MonoDebug|Any CPU.ActiveCfg = Debug|Any CPU
		{0A0C8FCC-6B1C-4C1E-8335-6516F35EBA02}.MonoDebug|Any CPU.Build.0 = Debug|Any CPU
		{0A0C8FCC-6B1C-4C1E-8335-6516F35EBA02}.MonoRelease|Any CPU.ActiveCfg = Release|Any CPU
		{0A0C8FCC-6B1C-4C1E-8335-6516F35EBA02}.MonoRelease|Any CPU.Build.0 = Release|Any CPU
		{0A0C8FCC-6B1C-4C1E-8335-6516F35EBA02}.Release|Any CPU.ActiveCfg = Release|Any CPU
		{0A0C8FCC-6B1C-4C1E-8335-6516F35EBA02}.Release|Any CPU.Build.0 = Release|Any CPU
		{87DE1AE0-8C11-4C4A-A1EB-48C0DE18EDC2}.CoreDebug|Any CPU.ActiveCfg = Debug|Any CPU
		{87DE1AE0-8C11-4C4A-A1EB-48C0DE18EDC2}.CoreDebug|Any CPU.Build.0 = Debug|Any CPU
		{87DE1AE0-8C11-4C4A-A1EB-48C0DE18EDC2}.CoreRelease|Any CPU.ActiveCfg = Release|Any CPU
		{87DE1AE0-8C11-4C4A-A1EB-48C0DE18EDC2}.CoreRelease|Any CPU.Build.0 = Release|Any CPU
		{87DE1AE0-8C11-4C4A-A1EB-48C0DE18EDC2}.Debug|Any CPU.ActiveCfg = Debug|Any CPU
		{87DE1AE0-8C11-4C4A-A1EB-48C0DE18EDC2}.Debug|Any CPU.Build.0 = Debug|Any CPU
		{87DE1AE0-8C11-4C4A-A1EB-48C0DE18EDC2}.MonoDebug|Any CPU.ActiveCfg = Debug|Any CPU
		{87DE1AE0-8C11-4C4A-A1EB-48C0DE18EDC2}.MonoDebug|Any CPU.Build.0 = Debug|Any CPU
		{87DE1AE0-8C11-4C4A-A1EB-48C0DE18EDC2}.MonoRelease|Any CPU.ActiveCfg = Release|Any CPU
		{87DE1AE0-8C11-4C4A-A1EB-48C0DE18EDC2}.MonoRelease|Any CPU.Build.0 = Release|Any CPU
		{87DE1AE0-8C11-4C4A-A1EB-48C0DE18EDC2}.Release|Any CPU.ActiveCfg = Release|Any CPU
		{87DE1AE0-8C11-4C4A-A1EB-48C0DE18EDC2}.Release|Any CPU.Build.0 = Release|Any CPU
	EndGlobalSection
	GlobalSection(SolutionProperties) = preSolution
		HideSolutionNode = FALSE
	EndGlobalSection
	GlobalSection(NestedProjects) = preSolution
		{FE8E0BC3-5D58-4C05-AC1A-AA9C81F4E2DD} = {4CBB4F41-DEAD-40FD-A2A7-3EF2762E187D}
		{59246134-9B8C-4160-A1A9-2F39EC391625} = {4CBB4F41-DEAD-40FD-A2A7-3EF2762E187D}
		{198F2C44-5E4E-4C02-B56D-8081C0141859} = {4CBB4F41-DEAD-40FD-A2A7-3EF2762E187D}
		{27BFDABF-31DB-4147-B528-A73B0E9EAEE1} = {4CBB4F41-DEAD-40FD-A2A7-3EF2762E187D}
		{6D71FDB5-D1C2-4B8C-B527-6335EBC66FCB} = {4CBB4F41-DEAD-40FD-A2A7-3EF2762E187D}
		{0C4B3377-082F-4223-9436-0F665D918837} = {4CBB4F41-DEAD-40FD-A2A7-3EF2762E187D}
		{0A0C8FCC-6B1C-4C1E-8335-6516F35EBA02} = {7E60AB71-0AC0-4E27-8227-199A8227F2EB}
	EndGlobalSection
EndGlobal
